
Microsoft Visual Studio Solution File, Format Version 12.00
# Visual Studio 15
VisualStudioVersion = 15.0.27004.2009
MinimumVisualStudioVersion = 10.0.40219.1
Project("{FAE04EC0-301F-11D3-BF4B-00C04F79EFBC}") = "CursoMVC5", "CursoMVC5\CursoMVC5.csproj", "{95B1CE9D-AB29-4B83-AAC2-E9294E0C221B}"
EndProject
Global
	GlobalSection(SolutionConfigurationPlatforms) = preSolution
		Debug|Any CPU = Debug|Any CPU
		Release|Any CPU = Release|Any CPU
	EndGlobalSection
	GlobalSection(ProjectConfigurationPlatforms) = postSolution
		{95B1CE9D-AB29-4B83-AAC2-E9294E0C221B}.Debug|Any CPU.ActiveCfg = Debug|Any CPU
		{95B1CE9D-AB29-4B83-AAC2-E9294E0C221B}.Debug|Any CPU.Build.0 = Debug|Any CPU
		{95B1CE9D-AB29-4B83-AAC2-E9294E0C221B}.Release|Any CPU.ActiveCfg = Release|Any CPU
		{95B1CE9D-AB29-4B83-AAC2-E9294E0C221B}.Release|Any CPU.Build.0 = Release|Any CPU
	EndGlobalSection
	GlobalSection(SolutionProperties) = preSolution
		HideSolutionNode = FALSE
	EndGlobalSection
	GlobalSection(ExtensibilityGlobals) = postSolution
		SolutionGuid = {E3F2DBA2-E839-4094-8598-3A4C6F02F898}
	EndGlobalSection
EndGlobal
